
Microsoft Visual Studio Solution File, Format Version 12.00
# Visual Studio Version 16
VisualStudioVersion = 16.0.30711.63
MinimumVisualStudioVersion = 10.0.40219.1
Project("{FAE04EC0-301F-11D3-BF4B-00C04F79EFBC}") = "Ejercicio33", "Ejercicio33.csproj", "{EAFF01DF-E727-4F62-B278-6615B40DF396}"
EndProject
Global
	GlobalSection(SolutionConfigurationPlatforms) = preSolution
		Debug|Any CPU = Debug|Any CPU
		Release|Any CPU = Release|Any CPU
	EndGlobalSection
	GlobalSection(ProjectConfigurationPlatforms) = postSolution
		{EAFF01DF-E727-4F62-B278-6615B40DF396}.Debug|Any CPU.ActiveCfg = Debug|Any CPU
		{EAFF01DF-E727-4F62-B278-6615B40DF396}.Debug|Any CPU.Build.0 = Debug|Any CPU
		{EAFF01DF-E727-4F62-B278-6615B40DF396}.Release|Any CPU.ActiveCfg = Release|Any CPU
		{EAFF01DF-E727-4F62-B278-6615B40DF396}.Release|Any CPU.Build.0 = Release|Any CPU
	EndGlobalSection
	GlobalSection(SolutionProperties) = preSolution
		HideSolutionNode = FALSE
	EndGlobalSection
	GlobalSection(ExtensibilityGlobals) = postSolution
		SolutionGuid = {1C6382B9-9730-4590-975D-D78CAD85AE59}
	EndGlobalSection
EndGlobal
